
Microsoft Visual Studio Solution File, Format Version 12.00
# Visual Studio Version 17
VisualStudioVersion = 17.9.34723.18
MinimumVisualStudioVersion = 10.0.40219.1
Project("{FAE04EC0-301F-11D3-BF4B-00C04F79EFBC}") = "01.SendFiles", "01.SendFiles\01.SendFiles.csproj", "{3F471873-058B-4761-8914-A91E61B05B95}"
EndProject
Project("{FAE04EC0-301F-11D3-BF4B-00C04F79EFBC}") = "02.Redirect", "02.Redirect\02.Redirect.csproj", "{4B2C57C6-9C76-4810-A0CE-F55FCD42B09A}"
EndProject
Project("{FAE04EC0-301F-11D3-BF4B-00C04F79EFBC}") = "03.Middleware", "03.Middleware\03.Middleware.csproj", "{BF4FF2D3-DC4D-448C-8D2F-985A70791911}"
EndProject
Project("{FAE04EC0-301F-11D3-BF4B-00C04F79EFBC}") = "04.Middleware", "04.Middleware\04.Middleware.csproj", "{92B4B1DF-5DFB-4016-873D-F4B333024A51}"
EndProject
Global
	GlobalSection(SolutionConfigurationPlatforms) = preSolution
		Debug|Any CPU = Debug|Any CPU
		Release|Any CPU = Release|Any CPU
	EndGlobalSection
	GlobalSection(ProjectConfigurationPlatforms) = postSolution
		{3F471873-058B-4761-8914-A91E61B05B95}.Debug|Any CPU.ActiveCfg = Debug|Any CPU
		{3F471873-058B-4761-8914-A91E61B05B95}.Debug|Any CPU.Build.0 = Debug|Any CPU
		{3F471873-058B-4761-8914-A91E61B05B95}.Release|Any CPU.ActiveCfg = Release|Any CPU
		{3F471873-058B-4761-8914-A91E61B05B95}.Release|Any CPU.Build.0 = Release|Any CPU
		{4B2C57C6-9C76-4810-A0CE-F55FCD42B09A}.Debug|Any CPU.ActiveCfg = Debug|Any CPU
		{4B2C57C6-9C76-4810-A0CE-F55FCD42B09A}.Debug|Any CPU.Build.0 = Debug|Any CPU
		{4B2C57C6-9C76-4810-A0CE-F55FCD42B09A}.Release|Any CPU.ActiveCfg = Release|Any CPU
		{4B2C57C6-9C76-4810-A0CE-F55FCD42B09A}.Release|Any CPU.Build.0 = Release|Any CPU
		{BF4FF2D3-DC4D-448C-8D2F-985A70791911}.Debug|Any CPU.ActiveCfg = Debug|Any CPU
		{BF4FF2D3-DC4D-448C-8D2F-985A70791911}.Debug|Any CPU.Build.0 = Debug|Any CPU
		{BF4FF2D3-DC4D-448C-8D2F-985A70791911}.Release|Any CPU.ActiveCfg = Release|Any CPU
		{BF4FF2D3-DC4D-448C-8D2F-985A70791911}.Release|Any CPU.Build.0 = Release|Any CPU
		{92B4B1DF-5DFB-4016-873D-F4B333024A51}.Debug|Any CPU.ActiveCfg = Debug|Any CPU
		{92B4B1DF-5DFB-4016-873D-F4B333024A51}.Debug|Any CPU.Build.0 = Debug|Any CPU
		{92B4B1DF-5DFB-4016-873D-F4B333024A51}.Release|Any CPU.ActiveCfg = Release|Any CPU
		{92B4B1DF-5DFB-4016-873D-F4B333024A51}.Release|Any CPU.Build.0 = Release|Any CPU
	EndGlobalSection
	GlobalSection(SolutionProperties) = preSolution
		HideSolutionNode = FALSE
	EndGlobalSection
	GlobalSection(ExtensibilityGlobals) = postSolution
		SolutionGuid = {794F6972-C096-4D2F-918A-0290FDF40243}
	EndGlobalSection
EndGlobal
